
Microsoft Visual Studio Solution File, Format Version 12.00
# Visual Studio Version 17
VisualStudioVersion = 17.9.34728.123
MinimumVisualStudioVersion = 10.0.40219.1
Project("{FAE04EC0-301F-11D3-BF4B-00C04F79EFBC}") = "ConsoleApp2", "ConsoleApp2\ConsoleApp2.csproj", "{04D47C01-11F2-48F2-8B40-F8544CC2CF9E}"
EndProject
Global
	GlobalSection(SolutionConfigurationPlatforms) = preSolution
		Debug|Any CPU = Debug|Any CPU
		Release|Any CPU = Release|Any CPU
	EndGlobalSection
	GlobalSection(ProjectConfigurationPlatforms) = postSolution
		{04D47C01-11F2-48F2-8B40-F8544CC2CF9E}.Debug|Any CPU.ActiveCfg = Debug|Any CPU
		{04D47C01-11F2-48F2-8B40-F8544CC2CF9E}.Debug|Any CPU.Build.0 = Debug|Any CPU
		{04D47C01-11F2-48F2-8B40-F8544CC2CF9E}.Release|Any CPU.ActiveCfg = Release|Any CPU
		{04D47C01-11F2-48F2-8B40-F8544CC2CF9E}.Release|Any CPU.Build.0 = Release|Any CPU
	EndGlobalSection
	GlobalSection(SolutionProperties) = preSolution
		HideSolutionNode = FALSE
	EndGlobalSection
	GlobalSection(ExtensibilityGlobals) = postSolution
		SolutionGuid = {64634CE0-81B3-4D92-B36F-97769D30292A}
	EndGlobalSection
EndGlobal
